<?xml version="1.0" encoding="utf-8"?>
<Project ToolsVersion="4.0" xmlns="http://schemas.microsoft.com/developer/msbuild/2003">
  <ItemGroup>
    <Filter Include="KamataEngine">
      <UniqueIdentifier>{4FC737F1-C7A5-4376-A066-2A32D752A2FF}</UniqueIdentifier>
      <Extensions>cpp;c;cc;cxx;c++;cppm;ixx;def;odl;idl;hpj;bat;asm;asmx</Extensions>
    </Filter>
    <Filter Include="KamataEngine\Source">
      <UniqueIdentifier>{d966e9f8-e880-44ae-8586-a08515e4cffc}</UniqueIdentifier>
    </Filter>
    <Filter Include="KamataEngine\Include">
      <UniqueIdentifier>{4aae4e40-94f7-4d32-9a91-c0c37a2edf0d}</UniqueIdentifier>
    </Filter>
    <Filter Include="KamataEngine\Adapter">
      <UniqueIdentifier>{c6468eb4-788b-4a83-b207-a5f4804e56c5}</UniqueIdentifier>
    </Filter>
    <Filter Include="Gamescene">
      <UniqueIdentifier>{082a335d-35d1-4307-bfae-1a9766e1f2f6}</UniqueIdentifier>
    </Filter>
    <Filter Include="math">
      <UniqueIdentifier>{c6650a6a-db46-47cd-8948-33776a0b4bfd}</UniqueIdentifier>
    </Filter>
    <Filter Include="Player">
      <UniqueIdentifier>{6759d2b1-66be-40f8-907d-4bd48cc67fbe}</UniqueIdentifier>
    </Filter>
    <Filter Include="External">
      <UniqueIdentifier>{240f0412-1348-4d8b-83f0-c816798d2f63}</UniqueIdentifier>
    </Filter>
    <Filter Include="External\Easing">
      <UniqueIdentifier>{74f92910-ccc6-434d-b344-2d93d3cf0088}</UniqueIdentifier>
    </Filter>
    <Filter Include="External\CSVLoader">
      <UniqueIdentifier>{11fe71fa-b68d-4362-a2e3-eb35f08c7181}</UniqueIdentifier>
    </Filter>
    <Filter Include="External\ImGuiDebugManager">
      <UniqueIdentifier>{01d1e650-bcda-43c4-9eae-9bd07f80240b}</UniqueIdentifier>
    </Filter>
    <Filter Include="Enemy">
      <UniqueIdentifier>{cdb64e88-3611-4319-b50e-2b592669e240}</UniqueIdentifier>
    </Filter>
    <Filter Include="BaseObject">
      <UniqueIdentifier>{5a3ffb4d-2d96-491e-b444-abd8978583bd}</UniqueIdentifier>
    </Filter>
    <Filter Include="InputCenter">
      <UniqueIdentifier>{9282346b-7e84-4e8d-862e-345d67e3cdef}</UniqueIdentifier>
    </Filter>
    <Filter Include="Core">
      <UniqueIdentifier>{25fd103b-76c9-4b20-9383-a909da27cce7}</UniqueIdentifier>
    </Filter>
    <Filter Include="CollisionManager">
      <UniqueIdentifier>{93416e01-5a43-448c-b1d9-ebdfa6b27efb}</UniqueIdentifier>
    </Filter>
    <Filter Include="Collider">
      <UniqueIdentifier>{92f0fb15-b00b-4ba7-bde9-576a38393de3}</UniqueIdentifier>
    </Filter>
    <Filter Include="Shape">
      <UniqueIdentifier>{8d84f5fd-cf3e-4558-8ea2-19675103a9c1}</UniqueIdentifier>
    </Filter>
    <Filter Include="RotateBoard">
      <UniqueIdentifier>{a04dafe1-3d02-4334-8dc5-3e66a15dfea4}</UniqueIdentifier>
    </Filter>
  </ItemGroup>
  <ItemGroup>
    <ClCompile Include="main.cpp" />
    <ClCompile Include="C:\KamataEngine\Adapter\Novice.cpp">
      <Filter>KamataEngine\Adapter</Filter>
    </ClCompile>
    <ClCompile Include="GameScene.cpp">
      <Filter>Gamescene</Filter>
    </ClCompile>
    <ClCompile Include="Player.cpp">
      <Filter>Player</Filter>
    </ClCompile>
    <ClCompile Include="External\math\impl\Vector2.cpp">
      <Filter>math</Filter>
    </ClCompile>
    <ClCompile Include="External\math\impl\Vector3.cpp">
      <Filter>math</Filter>
    </ClCompile>
    <ClCompile Include="External\math\impl\vector3calc.cpp">
      <Filter>math</Filter>
    </ClCompile>
    <ClCompile Include="External\math\impl\Vector4.cpp">
      <Filter>math</Filter>
    </ClCompile>
    <ClCompile Include="External\easing\EaseInterpolation.cpp">
      <Filter>External\Easing</Filter>
    </ClCompile>
    <ClCompile Include="External\easing\Easing.cpp">
      <Filter>External\Easing</Filter>
    </ClCompile>
    <ClCompile Include="External\easing\EasingManager\EasingManager.cpp">
      <Filter>External\Easing</Filter>
    </ClCompile>
    <ClCompile Include="External\easing\CSVLoader.cpp">
      <Filter>External\CSVLoader</Filter>
    </ClCompile>
    <ClCompile Include="External\math\impl\Matrix4x4.cpp">
      <Filter>math</Filter>
    </ClCompile>
    <ClCompile Include="External\math\impl\Matrix4calc.cpp">
      <Filter>math</Filter>
    </ClCompile>
    <ClCompile Include="External\math\MathExtension\mathExtension.cpp">
      <Filter>math</Filter>
    </ClCompile>
    <ClCompile Include="External\ImGuiDebugManager\DebugManager.cpp">
      <Filter>External\ImGuiDebugManager</Filter>
    </ClCompile>
    <ClCompile Include="Object\Enemy\Enemy.cpp">
      <Filter>Enemy</Filter>
    </ClCompile>
    <ClCompile Include="ImGuiTemplates.cpp">
      <Filter>KamataEngine</Filter>
    </ClCompile>
    <ClCompile Include="InputCenter.cpp">
      <Filter>KamataEngine</Filter>
    </ClCompile>
    <ClCompile Include="Object\Core\Core.cpp">
      <Filter>Core</Filter>
    </ClCompile>
    <ClCompile Include="External\math\impl\Rect2.cpp">
      <Filter>math</Filter>
    </ClCompile>
    <ClCompile Include="Collision\CollisionManager.cpp">
      <Filter>CollisionManager</Filter>
    </ClCompile>
    <ClCompile Include="Collision\Collider.cpp">
      <Filter>KamataEngine</Filter>
    </ClCompile>
    <ClCompile Include="Object\Wall\NestWall.cpp">
      <Filter>KamataEngine</Filter>
    </ClCompile>
    <ClCompile Include="Object\RotateBoard\RotateBoard.cpp">
      <Filter>KamataEngine</Filter>
    </ClCompile>
  </ItemGroup>
  <ItemGroup>
    <ClInclude Include="C:\KamataEngine\DirectXGame\audio\Audio.h">
      <Filter>KamataEngine\Include</Filter>
    </ClInclude>
    <ClInclude Include="C:\KamataEngine\DirectXGame\2d\DebugText.h">
      <Filter>KamataEngine\Include</Filter>
    </ClInclude>
    <ClInclude Include="C:\KamataEngine\DirectXGame\base\DirectXCommon.h">
      <Filter>KamataEngine\Include</Filter>
    </ClInclude>
    <ClInclude Include="C:\KamataEngine\DirectXGame\scene\GameScene.h">
      <Filter>KamataEngine\Include</Filter>
    </ClInclude>
    <ClInclude Include="C:\KamataEngine\DirectXGame\input\Input.h">
      <Filter>KamataEngine\Include</Filter>
    </ClInclude>
    <ClInclude Include="C:\KamataEngine\DirectXGame\3d\Model.h">
      <Filter>KamataEngine\Include</Filter>
    </ClInclude>
    <ClInclude Include="C:\KamataEngine\DirectXGame\base\SafeDelete.h">
      <Filter>KamataEngine\Include</Filter>
    </ClInclude>
    <ClInclude Include="C:\KamataEngine\DirectXGame\2d\Sprite.h">
      <Filter>KamataEngine\Include</Filter>
    </ClInclude>
    <ClInclude Include="C:\KamataEngine\DirectXGame\base\TextureManager.h">
      <Filter>KamataEngine\Include</Filter>
    </ClInclude>
    <ClInclude Include="C:\KamataEngine\DirectXGame\base\WinApp.h">
      <Filter>KamataEngine\Include</Filter>
    </ClInclude>
    <ClInclude Include="C:\KamataEngine\DirectXGame\3d\WorldTransform.h">
      <Filter>KamataEngine\Include</Filter>
    </ClInclude>
    <ClInclude Include="C:\KamataEngine\Adapter\Novice.h">
      <Filter>KamataEngine\Adapter</Filter>
    </ClInclude>
    <ClInclude Include="C:\KamataEngine\DirectXGame\3d\CircleShadow.h">
      <Filter>KamataEngine\Include</Filter>
    </ClInclude>
    <ClInclude Include="C:\KamataEngine\DirectXGame\3d\DebugCamera.h">
      <Filter>KamataEngine\Include</Filter>
    </ClInclude>
    <ClInclude Include="C:\KamataEngine\DirectXGame\3d\DirectionalLight.h">
      <Filter>KamataEngine\Include</Filter>
    </ClInclude>
    <ClInclude Include="C:\KamataEngine\DirectXGame\3d\LightGroup.h">
      <Filter>KamataEngine\Include</Filter>
    </ClInclude>
    <ClInclude Include="C:\KamataEngine\DirectXGame\3d\Material.h">
      <Filter>KamataEngine\Include</Filter>
    </ClInclude>
    <ClInclude Include="C:\KamataEngine\DirectXGame\3d\Mesh.h">
      <Filter>KamataEngine\Include</Filter>
    </ClInclude>
    <ClInclude Include="C:\KamataEngine\DirectXGame\3d\PointLight.h">
      <Filter>KamataEngine\Include</Filter>
    </ClInclude>
    <ClInclude Include="C:\KamataEngine\DirectXGame\3d\SpotLight.h">
      <Filter>KamataEngine\Include</Filter>
    </ClInclude>
    <ClInclude Include="C:\KamataEngine\DirectXGame\base\StringUtility.h">
      <Filter>KamataEngine\Include</Filter>
    </ClInclude>
    <ClInclude Include="..\DirectXGame\3d\Camera.h">
      <Filter>KamataEngine\Include</Filter>
    </ClInclude>
    <ClInclude Include="C:\KamataEngine\DirectXGame\math\Matrix4x4.h">
      <Filter>KamataEngine\Include</Filter>
    </ClInclude>
    <ClInclude Include="C:\KamataEngine\DirectXGame\math\Vector2.h">
      <Filter>KamataEngine\Include</Filter>
    </ClInclude>
    <ClInclude Include="C:\KamataEngine\DirectXGame\math\Vector3.h">
      <Filter>KamataEngine\Include</Filter>
    </ClInclude>
    <ClInclude Include="C:\KamataEngine\DirectXGame\math\Vector4.h">
      <Filter>KamataEngine\Include</Filter>
    </ClInclude>
    <ClInclude Include="C:\KamataEngine\DirectXGame\2d\ImGuiManager.h">
      <Filter>KamataEngine\Include</Filter>
    </ClInclude>
    <ClInclude Include="GameScene.h">
      <Filter>Gamescene</Filter>
    </ClInclude>
    <ClInclude Include="Player.h">
      <Filter>Player</Filter>
    </ClInclude>
    <ClInclude Include="External\math\Vector2.h">
      <Filter>math</Filter>
    </ClInclude>
    <ClInclude Include="External\math\Vector3.h">
      <Filter>math</Filter>
    </ClInclude>
    <ClInclude Include="External\math\Vector4.h">
      <Filter>math</Filter>
    </ClInclude>
    <ClInclude Include="External\math\Matrix4x4.h">
      <Filter>math</Filter>
    </ClInclude>
    <ClInclude Include="External\easing\Easing.h">
      <Filter>External\Easing</Filter>
    </ClInclude>
    <ClInclude Include="External\easing\EasingManager\EasingManager.h">
      <Filter>External\Easing</Filter>
    </ClInclude>
    <ClInclude Include="External\easing\CSVLoader.h">
      <Filter>External\CSVLoader</Filter>
    </ClInclude>
    <ClInclude Include="External\easing\csvStructure\CSVData.h">
      <Filter>External\CSVLoader</Filter>
    </ClInclude>
    <ClInclude Include="External\math\MathExtension\mathExtension.h">
      <Filter>math</Filter>
    </ClInclude>
    <ClInclude Include="External\math\matrix4calc.h">
      <Filter>math</Filter>
    </ClInclude>
    <ClInclude Include="External\ImGuiDebugManager\DebugManager.h">
      <Filter>External\ImGuiDebugManager</Filter>
    </ClInclude>
    <ClInclude Include="ImGuiTemplates.h">
      <Filter>External\ImGuiDebugManager</Filter>
    </ClInclude>
    <ClInclude Include="Object\Enemy\Enemy.h">
      <Filter>Enemy</Filter>
    </ClInclude>
    <ClInclude Include="BaseObject.h">
      <Filter>BaseObject</Filter>
    </ClInclude>
    <ClInclude Include="InputCenter.h">
      <Filter>InputCenter</Filter>
    </ClInclude>
    <ClInclude Include="Object\Core\Core.h">
      <Filter>Core</Filter>
    </ClInclude>
    <ClInclude Include="External\math\Rect2.h">
      <Filter>math</Filter>
    </ClInclude>
    <ClInclude Include="Collision\CollisionManager.h">
      <Filter>CollisionManager</Filter>
    </ClInclude>
    <ClInclude Include="Collision\Collider.h">
      <Filter>Collider</Filter>
    </ClInclude>
    <ClInclude Include="Shape.h">
      <Filter>Shape</Filter>
    </ClInclude>
    <ClInclude Include="Object\Wall\NestWall.h" />
    <ClInclude Include="Object\RotateBoard\RotateBoard.h">
      <Filter>RotateBoard</Filter>
    </ClInclude>
  </ItemGroup>
</Project>